
Microsoft Visual Studio Solution File, Format Version 12.00
# Visual Studio Version 16
VisualStudioVersion = 16.0.29509.3
MinimumVisualStudioVersion = 10.0.40219.1
Project("{FAE04EC0-301F-11D3-BF4B-00C04F79EFBC}") = "WFPSI", "WFPSI\WFPSI.csproj", "{B59C7F06-2AC3-422D-A09E-85C086B3C0A8}"
EndProject
Project("{FAE04EC0-301F-11D3-BF4B-00C04F79EFBC}") = "PSI.BLL", "PSI.BLL\PSI.BLL.csproj", "{E3C1788A-20A2-437C-A928-CD8BA2A1C118}"
EndProject
Project("{FAE04EC0-301F-11D3-BF4B-00C04F79EFBC}") = "PSI.DAL", "PSI.DAL\PSI.DAL.csproj", "{5B05D0B7-0EDF-40DB-8801-314C0BD537DE}"
EndProject
Project("{FAE04EC0-301F-11D3-BF4B-00C04F79EFBC}") = "PSI.DbUtility", "PSI.DbUtility\PSI.DbUtility.csproj", "{FD60DB4C-A0AB-4708-AC88-9B4F394BE3C6}"
EndProject
Project("{FAE04EC0-301F-11D3-BF4B-00C04F79EFBC}") = "PSI.Models", "PSI.Models\PSI.Models.csproj", "{B697D621-40A9-44B7-99B8-AB673CDF05D3}"
EndProject
Global
	GlobalSection(SolutionConfigurationPlatforms) = preSolution
		Debug|Any CPU = Debug|Any CPU
		Release|Any CPU = Release|Any CPU
	EndGlobalSection
	GlobalSection(ProjectConfigurationPlatforms) = postSolution
		{B59C7F06-2AC3-422D-A09E-85C086B3C0A8}.Debug|Any CPU.ActiveCfg = Debug|Any CPU
		{B59C7F06-2AC3-422D-A09E-85C086B3C0A8}.Debug|Any CPU.Build.0 = Debug|Any CPU
		{B59C7F06-2AC3-422D-A09E-85C086B3C0A8}.Release|Any CPU.ActiveCfg = Release|Any CPU
		{B59C7F06-2AC3-422D-A09E-85C086B3C0A8}.Release|Any CPU.Build.0 = Release|Any CPU
		{E3C1788A-20A2-437C-A928-CD8BA2A1C118}.Debug|Any CPU.ActiveCfg = Debug|Any CPU
		{E3C1788A-20A2-437C-A928-CD8BA2A1C118}.Debug|Any CPU.Build.0 = Debug|Any CPU
		{E3C1788A-20A2-437C-A928-CD8BA2A1C118}.Release|Any CPU.ActiveCfg = Release|Any CPU
		{E3C1788A-20A2-437C-A928-CD8BA2A1C118}.Release|Any CPU.Build.0 = Release|Any CPU
		{5B05D0B7-0EDF-40DB-8801-314C0BD537DE}.Debug|Any CPU.ActiveCfg = Debug|Any CPU
		{5B05D0B7-0EDF-40DB-8801-314C0BD537DE}.Debug|Any CPU.Build.0 = Debug|Any CPU
		{5B05D0B7-0EDF-40DB-8801-314C0BD537DE}.Release|Any CPU.ActiveCfg = Release|Any CPU
		{5B05D0B7-0EDF-40DB-8801-314C0BD537DE}.Release|Any CPU.Build.0 = Release|Any CPU
		{FD60DB4C-A0AB-4708-AC88-9B4F394BE3C6}.Debug|Any CPU.ActiveCfg = Debug|Any CPU
		{FD60DB4C-A0AB-4708-AC88-9B4F394BE3C6}.Debug|Any CPU.Build.0 = Debug|Any CPU
		{FD60DB4C-A0AB-4708-AC88-9B4F394BE3C6}.Release|Any CPU.ActiveCfg = Release|Any CPU
		{FD60DB4C-A0AB-4708-AC88-9B4F394BE3C6}.Release|Any CPU.Build.0 = Release|Any CPU
		{B697D621-40A9-44B7-99B8-AB673CDF05D3}.Debug|Any CPU.ActiveCfg = Debug|Any CPU
		{B697D621-40A9-44B7-99B8-AB673CDF05D3}.Debug|Any CPU.Build.0 = Debug|Any CPU
		{B697D621-40A9-44B7-99B8-AB673CDF05D3}.Release|Any CPU.ActiveCfg = Release|Any CPU
		{B697D621-40A9-44B7-99B8-AB673CDF05D3}.Release|Any CPU.Build.0 = Release|Any CPU
	EndGlobalSection
	GlobalSection(SolutionProperties) = preSolution
		HideSolutionNode = FALSE
	EndGlobalSection
	GlobalSection(ExtensibilityGlobals) = postSolution
		SolutionGuid = {D73E5034-5070-43DD-9FE4-DF442D0877ED}
	EndGlobalSection
EndGlobal
